
Microsoft Visual Studio Solution File, Format Version 12.00
# Visual Studio Version 17
VisualStudioVersion = 17.3.32819.101
MinimumVisualStudioVersion = 10.0.40219.1
Project("{9A19103F-16F7-4668-BE54-9A1E7A4F7556}") = "BattleshipLite", "BattleshipLite\BattleshipLite.csproj", "{040704F8-F2D7-4B7B-A88C-9341EE3AC382}"
EndProject
Project("{9A19103F-16F7-4668-BE54-9A1E7A4F7556}") = "BattleshipLiteLibrary", "BattleshipLiteLibrary\BattleshipLiteLibrary.csproj", "{1BCD16EA-B3D3-4428-AE56-5E1B1AAE1115}"
EndProject
Project("{FAE04EC0-301F-11D3-BF4B-00C04F79EFBC}") = "CommonLibrary", "CommonLibrary\CommonLibrary.csproj", "{39AD504C-04A2-4539-BED8-A29CB8F1DCED}"
EndProject
Global
	GlobalSection(SolutionConfigurationPlatforms) = preSolution
		Debug|Any CPU = Debug|Any CPU
		Release|Any CPU = Release|Any CPU
	EndGlobalSection
	GlobalSection(ProjectConfigurationPlatforms) = postSolution
		{040704F8-F2D7-4B7B-A88C-9341EE3AC382}.Debug|Any CPU.ActiveCfg = Debug|Any CPU
		{040704F8-F2D7-4B7B-A88C-9341EE3AC382}.Debug|Any CPU.Build.0 = Debug|Any CPU
		{040704F8-F2D7-4B7B-A88C-9341EE3AC382}.Release|Any CPU.ActiveCfg = Release|Any CPU
		{040704F8-F2D7-4B7B-A88C-9341EE3AC382}.Release|Any CPU.Build.0 = Release|Any CPU
		{1BCD16EA-B3D3-4428-AE56-5E1B1AAE1115}.Debug|Any CPU.ActiveCfg = Debug|Any CPU
		{1BCD16EA-B3D3-4428-AE56-5E1B1AAE1115}.Debug|Any CPU.Build.0 = Debug|Any CPU
		{1BCD16EA-B3D3-4428-AE56-5E1B1AAE1115}.Release|Any CPU.ActiveCfg = Release|Any CPU
		{1BCD16EA-B3D3-4428-AE56-5E1B1AAE1115}.Release|Any CPU.Build.0 = Release|Any CPU
		{39AD504C-04A2-4539-BED8-A29CB8F1DCED}.Debug|Any CPU.ActiveCfg = Debug|Any CPU
		{39AD504C-04A2-4539-BED8-A29CB8F1DCED}.Debug|Any CPU.Build.0 = Debug|Any CPU
		{39AD504C-04A2-4539-BED8-A29CB8F1DCED}.Release|Any CPU.ActiveCfg = Release|Any CPU
		{39AD504C-04A2-4539-BED8-A29CB8F1DCED}.Release|Any CPU.Build.0 = Release|Any CPU
	EndGlobalSection
	GlobalSection(SolutionProperties) = preSolution
		HideSolutionNode = FALSE
	EndGlobalSection
	GlobalSection(ExtensibilityGlobals) = postSolution
		SolutionGuid = {218208F1-B50D-40B7-924A-0360C7CED2E6}
	EndGlobalSection
EndGlobal
